// !$*UTF8*$!
{
	archiveVersion = 1;
	classes = {
	};
	objectVersion = 50;
	objects = {

/* Begin PBXBuildFile section */
		E4F2BAE125D6E3D30080F718 /* AppDelegate.swift in Sources */ = {isa = PBXBuildFile; fileRef = E4F2BAE025D6E3D30080F718 /* AppDelegate.swift */; };
		E4F2BAE325D6E3D30080F718 /* SceneDelegate.swift in Sources */ = {isa = PBXBuildFile; fileRef = E4F2BAE225D6E3D30080F718 /* SceneDelegate.swift */; };
		E4F2BAE825D6E3D30080F718 /* Main.storyboard in Resources */ = {isa = PBXBuildFile; fileRef = E4F2BAE625D6E3D30080F718 /* Main.storyboard */; };
		E4F2BAEA25D6E3D50080F718 /* Assets.xcassets in Resources */ = {isa = PBXBuildFile; fileRef = E4F2BAE925D6E3D50080F718 /* Assets.xcassets */; };
		E4F2BAED25D6E3D50080F718 /* LaunchScreen.storyboard in Resources */ = {isa = PBXBuildFile; fileRef = E4F2BAEB25D6E3D50080F718 /* LaunchScreen.storyboard */; };
		E4F2BAFC25D6E4980080F718 /* Person.swift in Sources */ = {isa = PBXBuildFile; fileRef = E4F2BAFB25D6E4980080F718 /* Person.swift */; };
		E4F2BAFF25D6E4AE0080F718 /* PersonController.swift in Sources */ = {isa = PBXBuildFile; fileRef = E4F2BAFE25D6E4AE0080F718 /* PersonController.swift */; };
		E4F2BB0A25D6F20B0080F718 /* Group.swift in Sources */ = {isa = PBXBuildFile; fileRef = E4F2BB0925D6F20B0080F718 /* Group.swift */; };
		E4F2BB0D25D6F28E0080F718 /* GroupController.swift in Sources */ = {isa = PBXBuildFile; fileRef = E4F2BB0C25D6F28E0080F718 /* GroupController.swift */; };
		E4F2BB1425D6FE460080F718 /* GroupTableViewController.swift in Sources */ = {isa = PBXBuildFile; fileRef = E4F2BB1325D6FE460080F718 /* GroupTableViewController.swift */; };
		E4F2BB1A25D7162D0080F718 /* PersonTableViewCell.swift in Sources */ = {isa = PBXBuildFile; fileRef = E4F2BB1925D7162D0080F718 /* PersonTableViewCell.swift */; };
/* End PBXBuildFile section */

/* Begin PBXFileReference section */
		E4F2BADD25D6E3D30080F718 /* Pair Randomizer.app */ = {isa = PBXFileReference; explicitFileType = wrapper.application; includeInIndex = 0; path = "Pair Randomizer.app"; sourceTree = BUILT_PRODUCTS_DIR; };
		E4F2BAE025D6E3D30080F718 /* AppDelegate.swift */ = {isa = PBXFileReference; lastKnownFileType = sourcecode.swift; path = AppDelegate.swift; sourceTree = "<group>"; };
		E4F2BAE225D6E3D30080F718 /* SceneDelegate.swift */ = {isa = PBXFileReference; lastKnownFileType = sourcecode.swift; path = SceneDelegate.swift; sourceTree = "<group>"; };
		E4F2BAE725D6E3D30080F718 /* Base */ = {isa = PBXFileReference; lastKnownFileType = file.storyboard; name = Base; path = Base.lproj/Main.storyboard; sourceTree = "<group>"; };
		E4F2BAE925D6E3D50080F718 /* Assets.xcassets */ = {isa = PBXFileReference; lastKnownFileType = folder.assetcatalog; path = Assets.xcassets; sourceTree = "<group>"; };
		E4F2BAEC25D6E3D50080F718 /* Base */ = {isa = PBXFileReference; lastKnownFileType = file.storyboard; name = Base; path = Base.lproj/LaunchScreen.storyboard; sourceTree = "<group>"; };
		E4F2BAEE25D6E3D50080F718 /* Info.plist */ = {isa = PBXFileReference; lastKnownFileType = text.plist.xml; path = Info.plist; sourceTree = "<group>"; };
		E4F2BAFB25D6E4980080F718 /* Person.swift */ = {isa = PBXFileReference; lastKnownFileType = sourcecode.swift; path = Person.swift; sourceTree = "<group>"; };
		E4F2BAFE25D6E4AE0080F718 /* PersonController.swift */ = {isa = PBXFileReference; lastKnownFileType = sourcecode.swift; path = PersonController.swift; sourceTree = "<group>"; };
		E4F2BB0925D6F20B0080F718 /* Group.swift */ = {isa = PBXFileReference; lastKnownFileType = sourcecode.swift; path = Group.swift; sourceTree = "<group>"; };
		E4F2BB0C25D6F28E0080F718 /* GroupController.swift */ = {isa = PBXFileReference; lastKnownFileType = sourcecode.swift; path = GroupController.swift; sourceTree = "<group>"; };
		E4F2BB1325D6FE460080F718 /* GroupTableViewController.swift */ = {isa = PBXFileReference; lastKnownFileType = sourcecode.swift; path = GroupTableViewController.swift; sourceTree = "<group>"; };
		E4F2BB1925D7162D0080F718 /* PersonTableViewCell.swift */ = {isa = PBXFileReference; lastKnownFileType = sourcecode.swift; path = PersonTableViewCell.swift; sourceTree = "<group>"; };
/* End PBXFileReference section */

/* Begin PBXFrameworksBuildPhase section */
		E4F2BADA25D6E3D30080F718 /* Frameworks */ = {
			isa = PBXFrameworksBuildPhase;
			buildActionMask = 2147483647;
			files = (
			);
			runOnlyForDeploymentPostprocessing = 0;
		};
/* End PBXFrameworksBuildPhase section */

/* Begin PBXGroup section */
		E4F2BAD425D6E3D30080F718 = {
			isa = PBXGroup;
			children = (
				E4F2BADF25D6E3D30080F718 /* Pair Randomizer */,
				E4F2BADE25D6E3D30080F718 /* Products */,
			);
			sourceTree = "<group>";
		};
		E4F2BADE25D6E3D30080F718 /* Products */ = {
			isa = PBXGroup;
			children = (
				E4F2BADD25D6E3D30080F718 /* Pair Randomizer.app */,
			);
			name = Products;
			sourceTree = "<group>";
		};
		E4F2BADF25D6E3D30080F718 /* Pair Randomizer */ = {
			isa = PBXGroup;
			children = (
				E4F2BAFA25D6E4810080F718 /* Controllers */,
				E4F2BAF925D6E4760080F718 /* Views */,
				E4F2BAF825D6E46A0080F718 /* Model */,
				E4F2BAF525D6E3F60080F718 /* Resources */,
			);
			path = "Pair Randomizer";
			sourceTree = "<group>";
		};
		E4F2BAF525D6E3F60080F718 /* Resources */ = {
			isa = PBXGroup;
			children = (
				E4F2BAE025D6E3D30080F718 /* AppDelegate.swift */,
				E4F2BAE225D6E3D30080F718 /* SceneDelegate.swift */,
				E4F2BAE925D6E3D50080F718 /* Assets.xcassets */,
				E4F2BAEE25D6E3D50080F718 /* Info.plist */,
			);
			path = Resources;
			sourceTree = "<group>";
		};
		E4F2BAF825D6E46A0080F718 /* Model */ = {
			isa = PBXGroup;
			children = (
				E4F2BAFB25D6E4980080F718 /* Person.swift */,
				E4F2BB0925D6F20B0080F718 /* Group.swift */,
			);
			path = Model;
			sourceTree = "<group>";
		};
		E4F2BAF925D6E4760080F718 /* Views */ = {
			isa = PBXGroup;
			children = (
				E4F2BB1825D716010080F718 /* Storyboards */,
				E4F2BB1725D715F20080F718 /* Custom Cell */,
			);
			path = Views;
			sourceTree = "<group>";
		};
		E4F2BAFA25D6E4810080F718 /* Controllers */ = {
			isa = PBXGroup;
			children = (
				E4F2BB0225D6E5ED0080F718 /* View Controller */,
				E4F2BB0125D6E5DF0080F718 /* Model Controller */,
			);
			path = Controllers;
			sourceTree = "<group>";
		};
		E4F2BB0125D6E5DF0080F718 /* Model Controller */ = {
			isa = PBXGroup;
			children = (
				E4F2BAFE25D6E4AE0080F718 /* PersonController.swift */,
				E4F2BB0C25D6F28E0080F718 /* GroupController.swift */,
			);
			path = "Model Controller";
			sourceTree = "<group>";
		};
		E4F2BB0225D6E5ED0080F718 /* View Controller */ = {
			isa = PBXGroup;
			children = (
				E4F2BB1325D6FE460080F718 /* GroupTableViewController.swift */,
			);
			path = "View Controller";
			sourceTree = "<group>";
		};
		E4F2BB1725D715F20080F718 /* Custom Cell */ = {
			isa = PBXGroup;
			children = (
				E4F2BB1925D7162D0080F718 /* PersonTableViewCell.swift */,
			);
			path = "Custom Cell";
			sourceTree = "<group>";
		};
		E4F2BB1825D716010080F718 /* Storyboards */ = {
			isa = PBXGroup;
			children = (
				E4F2BAEB25D6E3D50080F718 /* LaunchScreen.storyboard */,
				E4F2BAE625D6E3D30080F718 /* Main.storyboard */,
			);
			path = Storyboards;
			sourceTree = "<group>";
		};
/* End PBXGroup section */

/* Begin PBXNativeTarget section */
		E4F2BADC25D6E3D30080F718 /* Pair Randomizer */ = {
			isa = PBXNativeTarget;
			buildConfigurationList = E4F2BAF125D6E3D50080F718 /* Build configuration list for PBXNativeTarget "Pair Randomizer" */;
			buildPhases = (
				E4F2BAD925D6E3D30080F718 /* Sources */,
				E4F2BADA25D6E3D30080F718 /* Frameworks */,
				E4F2BADB25D6E3D30080F718 /* Resources */,
			);
			buildRules = (
			);
			dependencies = (
			);
			name = "Pair Randomizer";
			productName = "Pair Randomizer";
			productReference = E4F2BADD25D6E3D30080F718 /* Pair Randomizer.app */;
			productType = "com.apple.product-type.application";
		};
/* End PBXNativeTarget section */

/* Begin PBXProject section */
		E4F2BAD525D6E3D30080F718 /* Project object */ = {
			isa = PBXProject;
			attributes = {
				LastSwiftUpdateCheck = 1240;
				LastUpgradeCheck = 1240;
				TargetAttributes = {
					E4F2BADC25D6E3D30080F718 = {
						CreatedOnToolsVersion = 12.4;
					};
				};
			};
			buildConfigurationList = E4F2BAD825D6E3D30080F718 /* Build configuration list for PBXProject "Pair Randomizer" */;
			compatibilityVersion = "Xcode 9.3";
			developmentRegion = en;
			hasScannedForEncodings = 0;
			knownRegions = (
				en,
				Base,
			);
			mainGroup = E4F2BAD425D6E3D30080F718;
			productRefGroup = E4F2BADE25D6E3D30080F718 /* Products */;
			projectDirPath = "";
			projectRoot = "";
			targets = (
				E4F2BADC25D6E3D30080F718 /* Pair Randomizer */,
			);
		};
/* End PBXProject section */

/* Begin PBXResourcesBuildPhase section */
		E4F2BADB25D6E3D30080F718 /* Resources */ = {
			isa = PBXResourcesBuildPhase;
			buildActionMask = 2147483647;
			files = (
				E4F2BAED25D6E3D50080F718 /* LaunchScreen.storyboard in Resources */,
				E4F2BAEA25D6E3D50080F718 /* Assets.xcassets in Resources */,
				E4F2BAE825D6E3D30080F718 /* Main.storyboard in Resources */,
			);
			runOnlyForDeploymentPostprocessing = 0;
		};
/* End PBXResourcesBuildPhase section */

/* Begin PBXSourcesBuildPhase section */
		E4F2BAD925D6E3D30080F718 /* Sources */ = {
			isa = PBXSourcesBuildPhase;
			buildActionMask = 2147483647;
			files = (
				E4F2BB1425D6FE460080F718 /* GroupTableViewController.swift in Sources */,
				E4F2BAFF25D6E4AE0080F718 /* PersonController.swift in Sources */,
				E4F2BB0D25D6F28E0080F718 /* GroupController.swift in Sources */,
				E4F2BAE125D6E3D30080F718 /* AppDelegate.swift in Sources */,
				E4F2BB0A25D6F20B0080F718 /* Group.swift in Sources */,
				E4F2BAFC25D6E4980080F718 /* Person.swift in Sources */,
				E4F2BB1A25D7162D0080F718 /* PersonTableViewCell.swift in Sources */,
				E4F2BAE325D6E3D30080F718 /* SceneDelegate.swift in Sources */,
			);
			runOnlyForDeploymentPostprocessing = 0;
		};
/* End PBXSourcesBuildPhase section */

/* Begin PBXVariantGroup section */
		E4F2BAE625D6E3D30080F718 /* Main.storyboard */ = {
			isa = PBXVariantGroup;
			children = (
				E4F2BAE725D6E3D30080F718 /* Base */,
			);
			name = Main.storyboard;
			sourceTree = "<group>";
		};
		E4F2BAEB25D6E3D50080F718 /* LaunchScreen.storyboard */ = {
			isa = PBXVariantGroup;
			children = (
				E4F2BAEC25D6E3D50080F718 /* Base */,
			);
			name = LaunchScreen.storyboard;
			sourceTree = "<group>";
		};
/* End PBXVariantGroup section */

/* Begin XCBuildConfiguration section */
		E4F2BAEF25D6E3D50080F718 /* Debug */ = {
			isa = XCBuildConfiguration;
			buildSettings = {
				ALWAYS_SEARCH_USER_PATHS = NO;
				CLANG_ANALYZER_NONNULL = YES;
				CLANG_ANALYZER_NUMBER_OBJECT_CONVERSION = YES_AGGRESSIVE;
				CLANG_CXX_LANGUAGE_STANDARD = "gnu++14";
				CLANG_CXX_LIBRARY = "libc++";
				CLANG_ENABLE_MODULES = YES;
				CLANG_ENABLE_OBJC_ARC = YES;
				CLANG_ENABLE_OBJC_WEAK = YES;
				CLANG_WARN_BLOCK_CAPTURE_AUTORELEASING = YES;
				CLANG_WARN_BOOL_CONVERSION = YES;
				CLANG_WARN_COMMA = YES;
				CLANG_WARN_CONSTANT_CONVERSION = YES;
				CLANG_WARN_DEPRECATED_OBJC_IMPLEMENTATIONS = YES;
				CLANG_WARN_DIRECT_OBJC_ISA_USAGE = YES_ERROR;
				CLANG_WARN_DOCUMENTATION_COMMENTS = YES;
				CLANG_WARN_EMPTY_BODY = YES;
				CLANG_WARN_ENUM_CONVERSION = YES;
				CLANG_WARN_INFINITE_RECURSION = YES;
				CLANG_WARN_INT_CONVERSION = YES;
				CLANG_WARN_NON_LITERAL_NULL_CONVERSION = YES;
				CLANG_WARN_OBJC_IMPLICIT_RETAIN_SELF = YES;
				CLANG_WARN_OBJC_LITERAL_CONVERSION = YES;
				CLANG_WARN_OBJC_ROOT_CLASS = YES_ERROR;
				CLANG_WARN_QUOTED_INCLUDE_IN_FRAMEWORK_HEADER = YES;
				CLANG_WARN_RANGE_LOOP_ANALYSIS = YES;
				CLANG_WARN_STRICT_PROTOTYPES = YES;
				CLANG_WARN_SUSPICIOUS_MOVE = YES;
				CLANG_WARN_UNGUARDED_AVAILABILITY = YES_AGGRESSIVE;
				CLANG_WARN_UNREACHABLE_CODE = YES;
				CLANG_WARN__DUPLICATE_METHOD_MATCH = YES;
				COPY_PHASE_STRIP = NO;
				DEBUG_INFORMATION_FORMAT = dwarf;
				ENABLE_STRICT_OBJC_MSGSEND = YES;
				ENABLE_TESTABILITY = YES;
				GCC_C_LANGUAGE_STANDARD = gnu11;
				GCC_DYNAMIC_NO_PIC = NO;
				GCC_NO_COMMON_BLOCKS = YES;
				GCC_OPTIMIZATION_LEVEL = 0;
				GCC_PREPROCESSOR_DEFINITIONS = (
					"DEBUG=1",
					"$(inherited)",
				);
				GCC_WARN_64_TO_32_BIT_CONVERSION = YES;
				GCC_WARN_ABOUT_RETURN_TYPE = YES_ERROR;
				GCC_WARN_UNDECLARED_SELECTOR = YES;
				GCC_WARN_UNINITIALIZED_AUTOS = YES_AGGRESSIVE;
				GCC_WARN_UNUSED_FUNCTION = YES;
				GCC_WARN_UNUSED_VARIABLE = YES;
				IPHONEOS_DEPLOYMENT_TARGET = 14.4;
				MTL_ENABLE_DEBUG_INFO = INCLUDE_SOURCE;
				MTL_FAST_MATH = YES;
				ONLY_ACTIVE_ARCH = YES;
				SDKROOT = iphoneos;
				SWIFT_ACTIVE_COMPILATION_CONDITIONS = DEBUG;
				SWIFT_OPTIMIZATION_LEVEL = "-Onone";
			};
			name = Debug;
		};
		E4F2BAF025D6E3D50080F718 /* Release */ = {
			isa = XCBuildConfiguration;
			buildSettings = {
				ALWAYS_SEARCH_USER_PATHS = NO;
				CLANG_ANALYZER_NONNULL = YES;
				CLANG_ANALYZER_NUMBER_OBJECT_CONVERSION = YES_AGGRESSIVE;
				CLANG_CXX_LANGUAGE_STANDARD = "gnu++14";
				CLANG_CXX_LIBRARY = "libc++";
				CLANG_ENABLE_MODULES = YES;
				CLANG_ENABLE_OBJC_ARC = YES;
				CLANG_ENABLE_OBJC_WEAK = YES;
				CLANG_WARN_BLOCK_CAPTURE_AUTORELEASING = YES;
				CLANG_WARN_BOOL_CONVERSION = YES;
				CLANG_WARN_COMMA = YES;
				CLANG_WARN_CONSTANT_CONVERSION = YES;
				CLANG_WARN_DEPRECATED_OBJC_IMPLEMENTATIONS = YES;
				CLANG_WARN_DIRECT_OBJC_ISA_USAGE = YES_ERROR;
				CLANG_WARN_DOCUMENTATION_COMMENTS = YES;
				CLANG_WARN_EMPTY_BODY = YES;
				CLANG_WARN_ENUM_CONVERSION = YES;
				CLANG_WARN_INFINITE_RECURSION = YES;
				CLANG_WARN_INT_CONVERSION = YES;
				CLANG_WARN_NON_LITERAL_NULL_CONVERSION = YES;
				CLANG_WARN_OBJC_IMPLICIT_RETAIN_SELF = YES;
				CLANG_WARN_OBJC_LITERAL_CONVERSION = YES;
				CLANG_WARN_OBJC_ROOT_CLASS = YES_ERROR;
				CLANG_WARN_QUOTED_INCLUDE_IN_FRAMEWORK_HEADER = YES;
				CLANG_WARN_RANGE_LOOP_ANALYSIS = YES;
				CLANG_WARN_STRICT_PROTOTYPES = YES;
				CLANG_WARN_SUSPICIOUS_MOVE = YES;
				CLANG_WARN_UNGUARDED_AVAILABILITY = YES_AGGRESSIVE;
				CLANG_WARN_UNREACHABLE_CODE = YES;
				CLANG_WARN__DUPLICATE_METHOD_MATCH = YES;
				COPY_PHASE_STRIP = NO;
				DEBUG_INFORMATION_FORMAT = "dwarf-with-dsym";
				ENABLE_NS_ASSERTIONS = NO;
				ENABLE_STRICT_OBJC_MSGSEND = YES;
				GCC_C_LANGUAGE_STANDARD = gnu11;
				GCC_NO_COMMON_BLOCKS = YES;
				GCC_WARN_64_TO_32_BIT_CONVERSION = YES;
				GCC_WARN_ABOUT_RETURN_TYPE = YES_ERROR;
				GCC_WARN_UNDECLARED_SELECTOR = YES;
				GCC_WARN_UNINITIALIZED_AUTOS = YES_AGGRESSIVE;
				GCC_WARN_UNUSED_FUNCTION = YES;
				GCC_WARN_UNUSED_VARIABLE = YES;
				IPHONEOS_DEPLOYMENT_TARGET = 14.4;
				MTL_ENABLE_DEBUG_INFO = NO;
				MTL_FAST_MATH = YES;
				SDKROOT = iphoneos;
				SWIFT_COMPILATION_MODE = wholemodule;
				SWIFT_OPTIMIZATION_LEVEL = "-O";
				VALIDATE_PRODUCT = YES;
			};
			name = Release;
		};
		E4F2BAF225D6E3D50080F718 /* Debug */ = {
			isa = XCBuildConfiguration;
			buildSettings = {
				ASSETCATALOG_COMPILER_APPICON_NAME = AppIcon;
				ASSETCATALOG_COMPILER_GLOBAL_ACCENT_COLOR_NAME = AccentColor;
				CODE_SIGN_STYLE = Automatic;
				DEVELOPMENT_TEAM = RGFY4NFFB9;
				INFOPLIST_FILE = "Pair Randomizer/Resources/Info.plist";
				LD_RUNPATH_SEARCH_PATHS = (
					"$(inherited)",
					"@executable_path/Frameworks",
				);
				PRODUCT_BUNDLE_IDENTIFIER = "com.davistheo.Pair-Randomizer";
				PRODUCT_NAME = "$(TARGET_NAME)";
				SWIFT_VERSION = 5.0;
				TARGETED_DEVICE_FAMILY = "1,2";
			};
			name = Debug;
		};
		E4F2BAF325D6E3D50080F718 /* Release */ = {
			isa = XCBuildConfiguration;
			buildSettings = {
				ASSETCATALOG_COMPILER_APPICON_NAME = AppIcon;
				ASSETCATALOG_COMPILER_GLOBAL_ACCENT_COLOR_NAME = AccentColor;
				CODE_SIGN_STYLE = Automatic;
				DEVELOPMENT_TEAM = RGFY4NFFB9;
				INFOPLIST_FILE = "Pair Randomizer/Resources/Info.plist";
				LD_RUNPATH_SEARCH_PATHS = (
					"$(inherited)",
					"@executable_path/Frameworks",
				);
				PRODUCT_BUNDLE_IDENTIFIER = "com.davistheo.Pair-Randomizer";
				PRODUCT_NAME = "$(TARGET_NAME)";
				SWIFT_VERSION = 5.0;
				TARGETED_DEVICE_FAMILY = "1,2";
			};
			name = Release;
		};
/* End XCBuildConfiguration section */

/* Begin XCConfigurationList section */
		E4F2BAD825D6E3D30080F718 /* Build configuration list for PBXProject "Pair Randomizer" */ = {
			isa = XCConfigurationList;
			buildConfigurations = (
				E4F2BAEF25D6E3D50080F718 /* Debug */,
				E4F2BAF025D6E3D50080F718 /* Release */,
			);
			defaultConfigurationIsVisible = 0;
			defaultConfigurationName = Release;
		};
		E4F2BAF125D6E3D50080F718 /* Build configuration list for PBXNativeTarget "Pair Randomizer" */ = {
			isa = XCConfigurationList;
			buildConfigurations = (
				E4F2BAF225D6E3D50080F718 /* Debug */,
				E4F2BAF325D6E3D50080F718 /* Release */,
			);
			defaultConfigurationIsVisible = 0;
			defaultConfigurationName = Release;
		};
/* End XCConfigurationList section */
	};
	rootObject = E4F2BAD525D6E3D30080F718 /* Project object */;
}
